// !$*UTF8*$!
{
	archiveVersion = 1;
	classes = {
	};
	objectVersion = 56;
	objects = {

/* Begin PBXBuildFile section */
		107FBF592AF4BA08006F8A2E /* AppDelegate.swift in Sources */ = {isa = PBXBuildFile; fileRef = 107FBF582AF4BA08006F8A2E /* AppDelegate.swift */; };
		107FBF5B2AF4BA08006F8A2E /* SceneDelegate.swift in Sources */ = {isa = PBXBuildFile; fileRef = 107FBF5A2AF4BA08006F8A2E /* SceneDelegate.swift */; };
		107FBF5D2AF4BA08006F8A2E /* ViewController.swift in Sources */ = {isa = PBXBuildFile; fileRef = 107FBF5C2AF4BA08006F8A2E /* ViewController.swift */; };
		107FBF602AF4BA08006F8A2E /* Main.storyboard in Resources */ = {isa = PBXBuildFile; fileRef = 107FBF5E2AF4BA08006F8A2E /* Main.storyboard */; };
		107FBF622AF4BA09006F8A2E /* Assets.xcassets in Resources */ = {isa = PBXBuildFile; fileRef = 107FBF612AF4BA09006F8A2E /* Assets.xcassets */; };
		107FBF652AF4BA09006F8A2E /* LaunchScreen.storyboard in Resources */ = {isa = PBXBuildFile; fileRef = 107FBF632AF4BA09006F8A2E /* LaunchScreen.storyboard */; };
		107FBF6D2AF4BAAA006F8A2E /* Paragraph.swift in Sources */ = {isa = PBXBuildFile; fileRef = 107FBF6C2AF4BAAA006F8A2E /* Paragraph.swift */; };
		107FBF6F2AF4BBEA006F8A2E /* SectionHeaderView.swift in Sources */ = {isa = PBXBuildFile; fileRef = 107FBF6E2AF4BBEA006F8A2E /* SectionHeaderView.swift */; };
/* End PBXBuildFile section */

/* Begin PBXFileReference section */
		107FBF552AF4BA08006F8A2E /* CollapseSectionApp.app */ = {isa = PBXFileReference; explicitFileType = wrapper.application; includeInIndex = 0; path = CollapseSectionApp.app; sourceTree = BUILT_PRODUCTS_DIR; };
		107FBF582AF4BA08006F8A2E /* AppDelegate.swift */ = {isa = PBXFileReference; lastKnownFileType = sourcecode.swift; path = AppDelegate.swift; sourceTree = "<group>"; };
		107FBF5A2AF4BA08006F8A2E /* SceneDelegate.swift */ = {isa = PBXFileReference; lastKnownFileType = sourcecode.swift; path = SceneDelegate.swift; sourceTree = "<group>"; };
		107FBF5C2AF4BA08006F8A2E /* ViewController.swift */ = {isa = PBXFileReference; lastKnownFileType = sourcecode.swift; path = ViewController.swift; sourceTree = "<group>"; };
		107FBF5F2AF4BA08006F8A2E /* Base */ = {isa = PBXFileReference; lastKnownFileType = file.storyboard; name = Base; path = Base.lproj/Main.storyboard; sourceTree = "<group>"; };
		107FBF612AF4BA09006F8A2E /* Assets.xcassets */ = {isa = PBXFileReference; lastKnownFileType = folder.assetcatalog; path = Assets.xcassets; sourceTree = "<group>"; };
		107FBF642AF4BA09006F8A2E /* Base */ = {isa = PBXFileReference; lastKnownFileType = file.storyboard; name = Base; path = Base.lproj/LaunchScreen.storyboard; sourceTree = "<group>"; };
		107FBF662AF4BA09006F8A2E /* Info.plist */ = {isa = PBXFileReference; lastKnownFileType = text.plist.xml; path = Info.plist; sourceTree = "<group>"; };
		107FBF6C2AF4BAAA006F8A2E /* Paragraph.swift */ = {isa = PBXFileReference; lastKnownFileType = sourcecode.swift; path = Paragraph.swift; sourceTree = "<group>"; };
		107FBF6E2AF4BBEA006F8A2E /* SectionHeaderView.swift */ = {isa = PBXFileReference; lastKnownFileType = sourcecode.swift; path = SectionHeaderView.swift; sourceTree = "<group>"; };
/* End PBXFileReference section */

/* Begin PBXFrameworksBuildPhase section */
		107FBF522AF4BA08006F8A2E /* Frameworks */ = {
			isa = PBXFrameworksBuildPhase;
			buildActionMask = 2147483647;
			files = (
			);
			runOnlyForDeploymentPostprocessing = 0;
		};
/* End PBXFrameworksBuildPhase section */

/* Begin PBXGroup section */
		107FBF4C2AF4BA08006F8A2E = {
			isa = PBXGroup;
			children = (
				107FBF572AF4BA08006F8A2E /* CollapseSectionApp */,
				107FBF562AF4BA08006F8A2E /* Products */,
			);
			sourceTree = "<group>";
		};
		107FBF562AF4BA08006F8A2E /* Products */ = {
			isa = PBXGroup;
			children = (
				107FBF552AF4BA08006F8A2E /* CollapseSectionApp.app */,
			);
			name = Products;
			sourceTree = "<group>";
		};
		107FBF572AF4BA08006F8A2E /* CollapseSectionApp */ = {
			isa = PBXGroup;
			children = (
				107FBF582AF4BA08006F8A2E /* AppDelegate.swift */,
				107FBF5A2AF4BA08006F8A2E /* SceneDelegate.swift */,
				107FBF6C2AF4BAAA006F8A2E /* Paragraph.swift */,
				107FBF5C2AF4BA08006F8A2E /* ViewController.swift */,
				107FBF6E2AF4BBEA006F8A2E /* SectionHeaderView.swift */,
				107FBF5E2AF4BA08006F8A2E /* Main.storyboard */,
				107FBF612AF4BA09006F8A2E /* Assets.xcassets */,
				107FBF632AF4BA09006F8A2E /* LaunchScreen.storyboard */,
				107FBF662AF4BA09006F8A2E /* Info.plist */,
			);
			path = CollapseSectionApp;
			sourceTree = "<group>";
		};
/* End PBXGroup section */

/* Begin PBXNativeTarget section */
		107FBF542AF4BA08006F8A2E /* CollapseSectionApp */ = {
			isa = PBXNativeTarget;
			buildConfigurationList = 107FBF692AF4BA09006F8A2E /* Build configuration list for PBXNativeTarget "CollapseSectionApp" */;
			buildPhases = (
				107FBF512AF4BA08006F8A2E /* Sources */,
				107FBF522AF4BA08006F8A2E /* Frameworks */,
				107FBF532AF4BA08006F8A2E /* Resources */,
			);
			buildRules = (
			);
			dependencies = (
			);
			name = CollapseSectionApp;
			productName = CollapseSectionApp;
			productReference = 107FBF552AF4BA08006F8A2E /* CollapseSectionApp.app */;
			productType = "com.apple.product-type.application";
		};
/* End PBXNativeTarget section */

/* Begin PBXProject section */
		107FBF4D2AF4BA08006F8A2E /* Project object */ = {
			isa = PBXProject;
			attributes = {
				BuildIndependentTargetsInParallel = 1;
				LastSwiftUpdateCheck = 1420;
				LastUpgradeCheck = 1420;
				TargetAttributes = {
					107FBF542AF4BA08006F8A2E = {
						CreatedOnToolsVersion = 14.2;
					};
				};
			};
			buildConfigurationList = 107FBF502AF4BA08006F8A2E /* Build configuration list for PBXProject "CollapseSectionApp" */;
			compatibilityVersion = "Xcode 14.0";
			developmentRegion = en;
			hasScannedForEncodings = 0;
			knownRegions = (
				en,
				Base,
			);
			mainGroup = 107FBF4C2AF4BA08006F8A2E;
			productRefGroup = 107FBF562AF4BA08006F8A2E /* Products */;
			projectDirPath = "";
			projectRoot = "";
			targets = (
				107FBF542AF4BA08006F8A2E /* CollapseSectionApp */,
			);
		};
/* End PBXProject section */

/* Begin PBXResourcesBuildPhase section */
		107FBF532AF4BA08006F8A2E /* Resources */ = {
			isa = PBXResourcesBuildPhase;
			buildActionMask = 2147483647;
			files = (
				107FBF652AF4BA09006F8A2E /* LaunchScreen.storyboard in Resources */,
				107FBF622AF4BA09006F8A2E /* Assets.xcassets in Resources */,
				107FBF602AF4BA08006F8A2E /* Main.storyboard in Resources */,
			);
			runOnlyForDeploymentPostprocessing = 0;
		};
/* End PBXResourcesBuildPhase section */

/* Begin PBXSourcesBuildPhase section */
		107FBF512AF4BA08006F8A2E /* Sources */ = {
			isa = PBXSourcesBuildPhase;
			buildActionMask = 2147483647;
			files = (
				107FBF6D2AF4BAAA006F8A2E /* Paragraph.swift in Sources */,
				107FBF5D2AF4BA08006F8A2E /* ViewController.swift in Sources */,
				107FBF6F2AF4BBEA006F8A2E /* SectionHeaderView.swift in Sources */,
				107FBF592AF4BA08006F8A2E /* AppDelegate.swift in Sources */,
				107FBF5B2AF4BA08006F8A2E /* SceneDelegate.swift in Sources */,
			);
			runOnlyForDeploymentPostprocessing = 0;
		};
/* End PBXSourcesBuildPhase section */

/* Begin PBXVariantGroup section */
		107FBF5E2AF4BA08006F8A2E /* Main.storyboard */ = {
			isa = PBXVariantGroup;
			children = (
				107FBF5F2AF4BA08006F8A2E /* Base */,
			);
			name = Main.storyboard;
			sourceTree = "<group>";
		};
		107FBF632AF4BA09006F8A2E /* LaunchScreen.storyboard */ = {
			isa = PBXVariantGroup;
			children = (
				107FBF642AF4BA09006F8A2E /* Base */,
			);
			name = LaunchScreen.storyboard;
			sourceTree = "<group>";
		};
/* End PBXVariantGroup section */

/* Begin XCBuildConfiguration section */
		107FBF672AF4BA09006F8A2E /* Debug */ = {
			isa = XCBuildConfiguration;
			buildSettings = {
				ALWAYS_SEARCH_USER_PATHS = NO;
				CLANG_ANALYZER_NONNULL = YES;
				CLANG_ANALYZER_NUMBER_OBJECT_CONVERSION = YES_AGGRESSIVE;
				CLANG_CXX_LANGUAGE_STANDARD = "gnu++20";
				CLANG_ENABLE_MODULES = YES;
				CLANG_ENABLE_OBJC_ARC = YES;
				CLANG_ENABLE_OBJC_WEAK = YES;
				CLANG_WARN_BLOCK_CAPTURE_AUTORELEASING = YES;
				CLANG_WARN_BOOL_CONVERSION = YES;
				CLANG_WARN_COMMA = YES;
				CLANG_WARN_CONSTANT_CONVERSION = YES;
				CLANG_WARN_DEPRECATED_OBJC_IMPLEMENTATIONS = YES;
				CLANG_WARN_DIRECT_OBJC_ISA_USAGE = YES_ERROR;
				CLANG_WARN_DOCUMENTATION_COMMENTS = YES;
				CLANG_WARN_EMPTY_BODY = YES;
				CLANG_WARN_ENUM_CONVERSION = YES;
				CLANG_WARN_INFINITE_RECURSION = YES;
				CLANG_WARN_INT_CONVERSION = YES;
				CLANG_WARN_NON_LITERAL_NULL_CONVERSION = YES;
				CLANG_WARN_OBJC_IMPLICIT_RETAIN_SELF = YES;
				CLANG_WARN_OBJC_LITERAL_CONVERSION = YES;
				CLANG_WARN_OBJC_ROOT_CLASS = YES_ERROR;
				CLANG_WARN_QUOTED_INCLUDE_IN_FRAMEWORK_HEADER = YES;
				CLANG_WARN_RANGE_LOOP_ANALYSIS = YES;
				CLANG_WARN_STRICT_PROTOTYPES = YES;
				CLANG_WARN_SUSPICIOUS_MOVE = YES;
				CLANG_WARN_UNGUARDED_AVAILABILITY = YES_AGGRESSIVE;
				CLANG_WARN_UNREACHABLE_CODE = YES;
				CLANG_WARN__DUPLICATE_METHOD_MATCH = YES;
				COPY_PHASE_STRIP = NO;
				DEBUG_INFORMATION_FORMAT = dwarf;
				ENABLE_STRICT_OBJC_MSGSEND = YES;
				ENABLE_TESTABILITY = YES;
				GCC_C_LANGUAGE_STANDARD = gnu11;
				GCC_DYNAMIC_NO_PIC = NO;
				GCC_NO_COMMON_BLOCKS = YES;
				GCC_OPTIMIZATION_LEVEL = 0;
				GCC_PREPROCESSOR_DEFINITIONS = (
					"DEBUG=1",
					"$(inherited)",
				);
				GCC_WARN_64_TO_32_BIT_CONVERSION = YES;
				GCC_WARN_ABOUT_RETURN_TYPE = YES_ERROR;
				GCC_WARN_UNDECLARED_SELECTOR = YES;
				GCC_WARN_UNINITIALIZED_AUTOS = YES_AGGRESSIVE;
				GCC_WARN_UNUSED_FUNCTION = YES;
				GCC_WARN_UNUSED_VARIABLE = YES;
				IPHONEOS_DEPLOYMENT_TARGET = 16.2;
				MTL_ENABLE_DEBUG_INFO = INCLUDE_SOURCE;
				MTL_FAST_MATH = YES;
				ONLY_ACTIVE_ARCH = YES;
				SDKROOT = iphoneos;
				SWIFT_ACTIVE_COMPILATION_CONDITIONS = DEBUG;
				SWIFT_OPTIMIZATION_LEVEL = "-Onone";
			};
			name = Debug;
		};
		107FBF682AF4BA09006F8A2E /* Release */ = {
			isa = XCBuildConfiguration;
			buildSettings = {
				ALWAYS_SEARCH_USER_PATHS = NO;
				CLANG_ANALYZER_NONNULL = YES;
				CLANG_ANALYZER_NUMBER_OBJECT_CONVERSION = YES_AGGRESSIVE;
				CLANG_CXX_LANGUAGE_STANDARD = "gnu++20";
				CLANG_ENABLE_MODULES = YES;
				CLANG_ENABLE_OBJC_ARC = YES;
				CLANG_ENABLE_OBJC_WEAK = YES;
				CLANG_WARN_BLOCK_CAPTURE_AUTORELEASING = YES;
				CLANG_WARN_BOOL_CONVERSION = YES;
				CLANG_WARN_COMMA = YES;
				CLANG_WARN_CONSTANT_CONVERSION = YES;
				CLANG_WARN_DEPRECATED_OBJC_IMPLEMENTATIONS = YES;
				CLANG_WARN_DIRECT_OBJC_ISA_USAGE = YES_ERROR;
				CLANG_WARN_DOCUMENTATION_COMMENTS = YES;
				CLANG_WARN_EMPTY_BODY = YES;
				CLANG_WARN_ENUM_CONVERSION = YES;
				CLANG_WARN_INFINITE_RECURSION = YES;
				CLANG_WARN_INT_CONVERSION = YES;
				CLANG_WARN_NON_LITERAL_NULL_CONVERSION = YES;
				CLANG_WARN_OBJC_IMPLICIT_RETAIN_SELF = YES;
				CLANG_WARN_OBJC_LITERAL_CONVERSION = YES;
				CLANG_WARN_OBJC_ROOT_CLASS = YES_ERROR;
				CLANG_WARN_QUOTED_INCLUDE_IN_FRAMEWORK_HEADER = YES;
				CLANG_WARN_RANGE_LOOP_ANALYSIS = YES;
				CLANG_WARN_STRICT_PROTOTYPES = YES;
				CLANG_WARN_SUSPICIOUS_MOVE = YES;
				CLANG_WARN_UNGUARDED_AVAILABILITY = YES_AGGRESSIVE;
				CLANG_WARN_UNREACHABLE_CODE = YES;
				CLANG_WARN__DUPLICATE_METHOD_MATCH = YES;
				COPY_PHASE_STRIP = NO;
				DEBUG_INFORMATION_FORMAT = "dwarf-with-dsym";
				ENABLE_NS_ASSERTIONS = NO;
				ENABLE_STRICT_OBJC_MSGSEND = YES;
				GCC_C_LANGUAGE_STANDARD = gnu11;
				GCC_NO_COMMON_BLOCKS = YES;
				GCC_WARN_64_TO_32_BIT_CONVERSION = YES;
				GCC_WARN_ABOUT_RETURN_TYPE = YES_ERROR;
				GCC_WARN_UNDECLARED_SELECTOR = YES;
				GCC_WARN_UNINITIALIZED_AUTOS = YES_AGGRESSIVE;
				GCC_WARN_UNUSED_FUNCTION = YES;
				GCC_WARN_UNUSED_VARIABLE = YES;
				IPHONEOS_DEPLOYMENT_TARGET = 16.2;
				MTL_ENABLE_DEBUG_INFO = NO;
				MTL_FAST_MATH = YES;
				SDKROOT = iphoneos;
				SWIFT_COMPILATION_MODE = wholemodule;
				SWIFT_OPTIMIZATION_LEVEL = "-O";
				VALIDATE_PRODUCT = YES;
			};
			name = Release;
		};
		107FBF6A2AF4BA09006F8A2E /* Debug */ = {
			isa = XCBuildConfiguration;
			buildSettings = {
				ASSETCATALOG_COMPILER_APPICON_NAME = AppIcon;
				ASSETCATALOG_COMPILER_GLOBAL_ACCENT_COLOR_NAME = AccentColor;
				CODE_SIGN_STYLE = Automatic;
				CURRENT_PROJECT_VERSION = 1;
				DEVELOPMENT_TEAM = KTV28US9SX;
				GENERATE_INFOPLIST_FILE = YES;
				INFOPLIST_FILE = CollapseSectionApp/Info.plist;
				INFOPLIST_KEY_UIApplicationSupportsIndirectInputEvents = YES;
				INFOPLIST_KEY_UILaunchStoryboardName = LaunchScreen;
				INFOPLIST_KEY_UIMainStoryboardFile = Main;
				INFOPLIST_KEY_UISupportedInterfaceOrientations_iPad = "UIInterfaceOrientationPortrait UIInterfaceOrientationPortraitUpsideDown UIInterfaceOrientationLandscapeLeft UIInterfaceOrientationLandscapeRight";
				INFOPLIST_KEY_UISupportedInterfaceOrientations_iPhone = "UIInterfaceOrientationPortrait UIInterfaceOrientationLandscapeLeft UIInterfaceOrientationLandscapeRight";
				LD_RUNPATH_SEARCH_PATHS = (
					"$(inherited)",
					"@executable_path/Frameworks",
				);
				MARKETING_VERSION = 1.0;
				PRODUCT_BUNDLE_IDENTIFIER = com.sapgv.CollapseSectionApp;
				PRODUCT_NAME = "$(TARGET_NAME)";
				SWIFT_EMIT_LOC_STRINGS = YES;
				SWIFT_VERSION = 5.0;
				TARGETED_DEVICE_FAMILY = "1,2";
			};
			name = Debug;
		};
		107FBF6B2AF4BA09006F8A2E /* Release */ = {
			isa = XCBuildConfiguration;
			buildSettings = {
				ASSETCATALOG_COMPILER_APPICON_NAME = AppIcon;
				ASSETCATALOG_COMPILER_GLOBAL_ACCENT_COLOR_NAME = AccentColor;
				CODE_SIGN_STYLE = Automatic;
				CURRENT_PROJECT_VERSION = 1;
				DEVELOPMENT_TEAM = KTV28US9SX;
				GENERATE_INFOPLIST_FILE = YES;
				INFOPLIST_FILE = CollapseSectionApp/Info.plist;
				INFOPLIST_KEY_UIApplicationSupportsIndirectInputEvents = YES;
				INFOPLIST_KEY_UILaunchStoryboardName = LaunchScreen;
				INFOPLIST_KEY_UIMainStoryboardFile = Main;
				INFOPLIST_KEY_UISupportedInterfaceOrientations_iPad = "UIInterfaceOrientationPortrait UIInterfaceOrientationPortraitUpsideDown UIInterfaceOrientationLandscapeLeft UIInterfaceOrientationLandscapeRight";
				INFOPLIST_KEY_UISupportedInterfaceOrientations_iPhone = "UIInterfaceOrientationPortrait UIInterfaceOrientationLandscapeLeft UIInterfaceOrientationLandscapeRight";
				LD_RUNPATH_SEARCH_PATHS = (
					"$(inherited)",
					"@executable_path/Frameworks",
				);
				MARKETING_VERSION = 1.0;
				PRODUCT_BUNDLE_IDENTIFIER = com.sapgv.CollapseSectionApp;
				PRODUCT_NAME = "$(TARGET_NAME)";
				SWIFT_EMIT_LOC_STRINGS = YES;
				SWIFT_VERSION = 5.0;
				TARGETED_DEVICE_FAMILY = "1,2";
			};
			name = Release;
		};
/* End XCBuildConfiguration section */

/* Begin XCConfigurationList section */
		107FBF502AF4BA08006F8A2E /* Build configuration list for PBXProject "CollapseSectionApp" */ = {
			isa = XCConfigurationList;
			buildConfigurations = (
				107FBF672AF4BA09006F8A2E /* Debug */,
				107FBF682AF4BA09006F8A2E /* Release */,
			);
			defaultConfigurationIsVisible = 0;
			defaultConfigurationName = Release;
		};
		107FBF692AF4BA09006F8A2E /* Build configuration list for PBXNativeTarget "CollapseSectionApp" */ = {
			isa = XCConfigurationList;
			buildConfigurations = (
				107FBF6A2AF4BA09006F8A2E /* Debug */,
				107FBF6B2AF4BA09006F8A2E /* Release */,
			);
			defaultConfigurationIsVisible = 0;
			defaultConfigurationName = Release;
		};
/* End XCConfigurationList section */
	};
	rootObject = 107FBF4D2AF4BA08006F8A2E /* Project object */;
}
